
Microsoft Visual Studio Solution File, Format Version 12.00
# Visual Studio 15
VisualStudioVersion = 15.0.28307.168
MinimumVisualStudioVersion = 10.0.40219.1
Project("{FAE04EC0-301F-11D3-BF4B-00C04F79EFBC}") = "Wymieniator", "Wymieniator\Wymieniator.csproj", "{EDCDFF14-DB8A-42F7-9111-A83ABB30E227}"
EndProject
Project("{FAE04EC0-301F-11D3-BF4B-00C04F79EFBC}") = "Wymieniator.Tests", "Wymieniator.Tests\Wymieniator.Tests.csproj", "{349BB045-3821-4544-A92F-C14ADE028A08}"
EndProject
Global
	GlobalSection(SolutionConfigurationPlatforms) = preSolution
		Debug|Any CPU = Debug|Any CPU
		Release|Any CPU = Release|Any CPU
	EndGlobalSection
	GlobalSection(ProjectConfigurationPlatforms) = postSolution
		{EDCDFF14-DB8A-42F7-9111-A83ABB30E227}.Debug|Any CPU.ActiveCfg = Debug|Any CPU
		{EDCDFF14-DB8A-42F7-9111-A83ABB30E227}.Debug|Any CPU.Build.0 = Debug|Any CPU
		{EDCDFF14-DB8A-42F7-9111-A83ABB30E227}.Release|Any CPU.ActiveCfg = Release|Any CPU
		{EDCDFF14-DB8A-42F7-9111-A83ABB30E227}.Release|Any CPU.Build.0 = Release|Any CPU
		{349BB045-3821-4544-A92F-C14ADE028A08}.Debug|Any CPU.ActiveCfg = Debug|Any CPU
		{349BB045-3821-4544-A92F-C14ADE028A08}.Debug|Any CPU.Build.0 = Debug|Any CPU
		{349BB045-3821-4544-A92F-C14ADE028A08}.Release|Any CPU.ActiveCfg = Release|Any CPU
		{349BB045-3821-4544-A92F-C14ADE028A08}.Release|Any CPU.Build.0 = Release|Any CPU
	EndGlobalSection
	GlobalSection(SolutionProperties) = preSolution
		HideSolutionNode = FALSE
	EndGlobalSection
	GlobalSection(ExtensibilityGlobals) = postSolution
		SolutionGuid = {F85A6379-9FE0-47E9-96B5-2B92F69B5503}
	EndGlobalSection
EndGlobal
